
Microsoft Visual Studio Solution File, Format Version 12.00
# Visual Studio Version 17
VisualStudioVersion = 17.0.31903.59
MinimumVisualStudioVersion = 10.0.40219.1
Project("{9A19103F-16F7-4668-BE54-9A1E7A4F7556}") = "RestWithASPNET", "RestWithASPNET\RestWithASPNET.csproj", "{494F7168-1055-483D-B670-4A39367DC3C4}"
EndProject
Project("{9A19103F-16F7-4668-BE54-9A1E7A4F7556}") = "TestandoConhecimento", "TestandoConhecimento\TestandoConhecimento.csproj", "{17FE46F4-02F7-4237-91C4-36A25DB5C2FA}"
EndProject
Project("{FAE04EC0-301F-11D3-BF4B-00C04F79EFBC}") = "TestandoConhecimento2", "TestandoConhecimento2\TestandoConhecimento2.csproj", "{8FE2684C-3FE5-4E84-9D36-B6D68E9B582B}"
EndProject
Global
	GlobalSection(SolutionConfigurationPlatforms) = preSolution
		Debug|Any CPU = Debug|Any CPU
		Release|Any CPU = Release|Any CPU
	EndGlobalSection
	GlobalSection(ProjectConfigurationPlatforms) = postSolution
		{494F7168-1055-483D-B670-4A39367DC3C4}.Debug|Any CPU.ActiveCfg = Debug|Any CPU
		{494F7168-1055-483D-B670-4A39367DC3C4}.Debug|Any CPU.Build.0 = Debug|Any CPU
		{494F7168-1055-483D-B670-4A39367DC3C4}.Release|Any CPU.ActiveCfg = Release|Any CPU
		{494F7168-1055-483D-B670-4A39367DC3C4}.Release|Any CPU.Build.0 = Release|Any CPU
		{17FE46F4-02F7-4237-91C4-36A25DB5C2FA}.Debug|Any CPU.ActiveCfg = Debug|Any CPU
		{17FE46F4-02F7-4237-91C4-36A25DB5C2FA}.Debug|Any CPU.Build.0 = Debug|Any CPU
		{17FE46F4-02F7-4237-91C4-36A25DB5C2FA}.Release|Any CPU.ActiveCfg = Release|Any CPU
		{17FE46F4-02F7-4237-91C4-36A25DB5C2FA}.Release|Any CPU.Build.0 = Release|Any CPU
		{8FE2684C-3FE5-4E84-9D36-B6D68E9B582B}.Debug|Any CPU.ActiveCfg = Debug|Any CPU
		{8FE2684C-3FE5-4E84-9D36-B6D68E9B582B}.Debug|Any CPU.Build.0 = Debug|Any CPU
		{8FE2684C-3FE5-4E84-9D36-B6D68E9B582B}.Release|Any CPU.ActiveCfg = Release|Any CPU
		{8FE2684C-3FE5-4E84-9D36-B6D68E9B582B}.Release|Any CPU.Build.0 = Release|Any CPU
	EndGlobalSection
	GlobalSection(SolutionProperties) = preSolution
		HideSolutionNode = FALSE
	EndGlobalSection
	GlobalSection(ExtensibilityGlobals) = postSolution
		SolutionGuid = {8826491F-8DCF-480C-A158-A78EE60831F5}
	EndGlobalSection
EndGlobal
